// !$*UTF8*$!
{
	archiveVersion = 1;
	classes = {
	};
	objectVersion = 50;
	objects = {

/* Begin PBXBuildFile section */
		687B57602449EEB100C1E86F /* Island.swift in Sources */ = {isa = PBXBuildFile; fileRef = 687B575F2449EEB100C1E86F /* Island.swift */; };
		687B57622449EF8C00C1E86F /* TurnipExchangeService.swift in Sources */ = {isa = PBXBuildFile; fileRef = 687B57612449EF8C00C1E86F /* TurnipExchangeService.swift */; };
		687B5768244A030700C1E86F /* TurnipsView.swift in Sources */ = {isa = PBXBuildFile; fileRef = 687B5767244A030700C1E86F /* TurnipsView.swift */; };
		68DFFFA9244927A400DEA07F /* NookazonService.swift in Sources */ = {isa = PBXBuildFile; fileRef = 68DFFFA8244927A400DEA07F /* NookazonService.swift */; };
		68DFFFAB244927CA00DEA07F /* Listing.swift in Sources */ = {isa = PBXBuildFile; fileRef = 68DFFFAA244927CA00DEA07F /* Listing.swift */; };
		68DFFFAD24492D7F00DEA07F /* ItemDetailViewModel.swift in Sources */ = {isa = PBXBuildFile; fileRef = 68DFFFAC24492D7F00DEA07F /* ItemDetailViewModel.swift */; };
		692C2C1B2444448E00E5B818 /* housewares in Resources */ = {isa = PBXBuildFile; fileRef = 692C2BFE2444448D00E5B818 /* housewares */; };
		692C2C1C2444448E00E5B818 /* bugs-south in Resources */ = {isa = PBXBuildFile; fileRef = 692C2BFF2444448D00E5B818 /* bugs-south */; };
		692C2C1D2444448E00E5B818 /* fencing in Resources */ = {isa = PBXBuildFile; fileRef = 692C2C002444448D00E5B818 /* fencing */; };
		692C2C1E2444448E00E5B818 /* photos in Resources */ = {isa = PBXBuildFile; fileRef = 692C2C012444448D00E5B818 /* photos */; };
		692C2C1F2444448E00E5B818 /* bugs-north in Resources */ = {isa = PBXBuildFile; fileRef = 692C2C022444448D00E5B818 /* bugs-north */; };
		692C2C202444448E00E5B818 /* floors in Resources */ = {isa = PBXBuildFile; fileRef = 692C2C032444448D00E5B818 /* floors */; };
		692C2C212444448E00E5B818 /* socks in Resources */ = {isa = PBXBuildFile; fileRef = 692C2C042444448D00E5B818 /* socks */; };
		692C2C222444448E00E5B818 /* wall-mounted in Resources */ = {isa = PBXBuildFile; fileRef = 692C2C052444448D00E5B818 /* wall-mounted */; };
		692C2C232444448E00E5B818 /* wallpaper in Resources */ = {isa = PBXBuildFile; fileRef = 692C2C062444448D00E5B818 /* wallpaper */; };
		692C2C242444448E00E5B818 /* rugs in Resources */ = {isa = PBXBuildFile; fileRef = 692C2C072444448D00E5B818 /* rugs */; };
		692C2C252444448E00E5B818 /* recipes in Resources */ = {isa = PBXBuildFile; fileRef = 692C2C082444448D00E5B818 /* recipes */; };
		692C2C262444448E00E5B818 /* dresses in Resources */ = {isa = PBXBuildFile; fileRef = 692C2C092444448D00E5B818 /* dresses */; };
		692C2C272444448E00E5B818 /* accessories in Resources */ = {isa = PBXBuildFile; fileRef = 692C2C0A2444448D00E5B818 /* accessories */; };
		692C2C282444448E00E5B818 /* fossils in Resources */ = {isa = PBXBuildFile; fileRef = 692C2C0B2444448D00E5B818 /* fossils */; };
		692C2C292444448E00E5B818 /* umbrellas in Resources */ = {isa = PBXBuildFile; fileRef = 692C2C0C2444448D00E5B818 /* umbrellas */; };
		692C2C2A2444448E00E5B818 /* bottoms in Resources */ = {isa = PBXBuildFile; fileRef = 692C2C0D2444448D00E5B818 /* bottoms */; };
		692C2C2B2444448E00E5B818 /* tops in Resources */ = {isa = PBXBuildFile; fileRef = 692C2C0E2444448D00E5B818 /* tops */; };
		692C2C2C2444448E00E5B818 /* miscellaneous in Resources */ = {isa = PBXBuildFile; fileRef = 692C2C0F2444448D00E5B818 /* miscellaneous */; };
		692C2C2D2444448E00E5B818 /* shoes in Resources */ = {isa = PBXBuildFile; fileRef = 692C2C102444448D00E5B818 /* shoes */; };
		692C2C2E2444448E00E5B818 /* tools in Resources */ = {isa = PBXBuildFile; fileRef = 692C2C112444448E00E5B818 /* tools */; };
		692C2C2F2444448E00E5B818 /* construction in Resources */ = {isa = PBXBuildFile; fileRef = 692C2C122444448E00E5B818 /* construction */; };
		692C2C302444448E00E5B818 /* posters in Resources */ = {isa = PBXBuildFile; fileRef = 692C2C132444448E00E5B818 /* posters */; };
		692C2C312444448E00E5B818 /* songs in Resources */ = {isa = PBXBuildFile; fileRef = 692C2C142444448E00E5B818 /* songs */; };
		692C2C322444448E00E5B818 /* fish-north in Resources */ = {isa = PBXBuildFile; fileRef = 692C2C152444448E00E5B818 /* fish-north */; };
		692C2C332444448E00E5B818 /* other in Resources */ = {isa = PBXBuildFile; fileRef = 692C2C162444448E00E5B818 /* other */; };
		692C2C342444448E00E5B818 /* headwear in Resources */ = {isa = PBXBuildFile; fileRef = 692C2C172444448E00E5B818 /* headwear */; };
		692C2C352444448E00E5B818 /* fish-south in Resources */ = {isa = PBXBuildFile; fileRef = 692C2C182444448E00E5B818 /* fish-south */; };
		692C2C362444448E00E5B818 /* bags in Resources */ = {isa = PBXBuildFile; fileRef = 692C2C192444448E00E5B818 /* bags */; };
		692C2C372444448E00E5B818 /* nookmiles in Resources */ = {isa = PBXBuildFile; fileRef = 692C2C1A2444448E00E5B818 /* nookmiles */; };
		6942FC37244988F80062FE8F /* SafariView.swift in Sources */ = {isa = PBXBuildFile; fileRef = 6942FC36244988F80062FE8F /* SafariView.swift */; };
		6942FC3A244989530062FE8F /* ListingRow.swift in Sources */ = {isa = PBXBuildFile; fileRef = 6942FC39244989530062FE8F /* ListingRow.swift */; };
		697E63EE2449A365008FB710 /* ACNHApiService.swift in Sources */ = {isa = PBXBuildFile; fileRef = 697E63ED2449A365008FB710 /* ACNHApiService.swift */; };
		697E63F02449A38A008FB710 /* APIError.swift in Sources */ = {isa = PBXBuildFile; fileRef = 697E63EF2449A38A008FB710 /* APIError.swift */; };
		697E63F22449A406008FB710 /* Villager.swift in Sources */ = {isa = PBXBuildFile; fileRef = 697E63F12449A406008FB710 /* Villager.swift */; };
		697E63F52449A58E008FB710 /* VillagersListView.swift in Sources */ = {isa = PBXBuildFile; fileRef = 697E63F42449A58E008FB710 /* VillagersListView.swift */; };
		697E63F72449A7BA008FB710 /* VillagersViewModel.swift in Sources */ = {isa = PBXBuildFile; fileRef = 697E63F62449A7BA008FB710 /* VillagersViewModel.swift */; };
		697E63F92449DADE008FB710 /* VillagerRowView.swift in Sources */ = {isa = PBXBuildFile; fileRef = 697E63F82449DADE008FB710 /* VillagerRowView.swift */; };
		697E63FB2449DB0C008FB710 /* VillagerDetailView.swift in Sources */ = {isa = PBXBuildFile; fileRef = 697E63FA2449DB0C008FB710 /* VillagerDetailView.swift */; };
		69AF8C51243E283D001DD9CB /* AppDelegate.swift in Sources */ = {isa = PBXBuildFile; fileRef = 69AF8C50243E283D001DD9CB /* AppDelegate.swift */; };
		69AF8C53243E283D001DD9CB /* SceneDelegate.swift in Sources */ = {isa = PBXBuildFile; fileRef = 69AF8C52243E283D001DD9CB /* SceneDelegate.swift */; };
		69AF8C55243E283D001DD9CB /* ItemsListView.swift in Sources */ = {isa = PBXBuildFile; fileRef = 69AF8C54243E283D001DD9CB /* ItemsListView.swift */; };
		69AF8C57243E2841001DD9CB /* Assets.xcassets in Resources */ = {isa = PBXBuildFile; fileRef = 69AF8C56243E2841001DD9CB /* Assets.xcassets */; };
		69AF8C5A243E2841001DD9CB /* Preview Assets.xcassets in Resources */ = {isa = PBXBuildFile; fileRef = 69AF8C59243E2841001DD9CB /* Preview Assets.xcassets */; };
		69AF8C5D243E2841001DD9CB /* LaunchScreen.storyboard in Resources */ = {isa = PBXBuildFile; fileRef = 69AF8C5B243E2841001DD9CB /* LaunchScreen.storyboard */; };
		69AF8C68243E286C001DD9CB /* NookPlazaAPIService.swift in Sources */ = {isa = PBXBuildFile; fileRef = 69AF8C67243E286C001DD9CB /* NookPlazaAPIService.swift */; };
		69AF8C6A243E28B0001DD9CB /* Item.swift in Sources */ = {isa = PBXBuildFile; fileRef = 69AF8C69243E28B0001DD9CB /* Item.swift */; };
		69AF8C6D243E2A18001DD9CB /* ItemsViewModel.swift in Sources */ = {isa = PBXBuildFile; fileRef = 69AF8C6C243E2A18001DD9CB /* ItemsViewModel.swift */; };
		69AF8C6F243E2E6D001DD9CB /* ImageService.swift in Sources */ = {isa = PBXBuildFile; fileRef = 69AF8C6E243E2E6D001DD9CB /* ImageService.swift */; };
		69AF8C72243E2F06001DD9CB /* ImageLoader.swift in Sources */ = {isa = PBXBuildFile; fileRef = 69AF8C71243E2F06001DD9CB /* ImageLoader.swift */; };
		69AF8C74243E2F73001DD9CB /* ItemImage.swift in Sources */ = {isa = PBXBuildFile; fileRef = 69AF8C73243E2F73001DD9CB /* ItemImage.swift */; };
		69AF8C76243E3545001DD9CB /* SearchField.swift in Sources */ = {isa = PBXBuildFile; fileRef = 69AF8C75243E3545001DD9CB /* SearchField.swift */; };
		69AF8C7A243E4C78001DD9CB /* Colors.xcassets in Resources */ = {isa = PBXBuildFile; fileRef = 69AF8C79243E4C78001DD9CB /* Colors.xcassets */; };
		69AF8C7C243E4D29001DD9CB /* Color.swift in Sources */ = {isa = PBXBuildFile; fileRef = 69AF8C7B243E4D29001DD9CB /* Color.swift */; };
		69AF8C7E243E4DD9001DD9CB /* ItemRowView.swift in Sources */ = {isa = PBXBuildFile; fileRef = 69AF8C7D243E4DD9001DD9CB /* ItemRowView.swift */; };
		69AF8C80243E5EBD001DD9CB /* Categories.swift in Sources */ = {isa = PBXBuildFile; fileRef = 69AF8C7F243E5EBD001DD9CB /* Categories.swift */; };
		69BEA97F243E602C00F02C61 /* TabbarView.swift in Sources */ = {isa = PBXBuildFile; fileRef = 69BEA97E243E602C00F02C61 /* TabbarView.swift */; };
		69BEA985243E639900F02C61 /* CollectionListView.swift in Sources */ = {isa = PBXBuildFile; fileRef = 69BEA984243E639900F02C61 /* CollectionListView.swift */; };
		69BEA989243E68D400F02C61 /* CollectionViewModel.swift in Sources */ = {isa = PBXBuildFile; fileRef = 69BEA988243E68D400F02C61 /* CollectionViewModel.swift */; };
		69BEA98B243EFE9700F02C61 /* ItemDetailView.swift in Sources */ = {isa = PBXBuildFile; fileRef = 69BEA98A243EFE9700F02C61 /* ItemDetailView.swift */; };
		69C5F5E72442119500BF8FA4 /* Material.swift in Sources */ = {isa = PBXBuildFile; fileRef = 69C5F5E62442119500BF8FA4 /* Material.swift */; };
		69C5F5EA244217FB00BF8FA4 /* CategoriesView.swift in Sources */ = {isa = PBXBuildFile; fileRef = 69C5F5E9244217FB00BF8FA4 /* CategoriesView.swift */; };
/* End PBXBuildFile section */

/* Begin PBXFileReference section */
		687B575F2449EEB100C1E86F /* Island.swift */ = {isa = PBXFileReference; lastKnownFileType = sourcecode.swift; path = Island.swift; sourceTree = "<group>"; };
		687B57612449EF8C00C1E86F /* TurnipExchangeService.swift */ = {isa = PBXFileReference; lastKnownFileType = sourcecode.swift; path = TurnipExchangeService.swift; sourceTree = "<group>"; };
		687B5767244A030700C1E86F /* TurnipsView.swift */ = {isa = PBXFileReference; lastKnownFileType = sourcecode.swift; path = TurnipsView.swift; sourceTree = "<group>"; };
		68DFFFA8244927A400DEA07F /* NookazonService.swift */ = {isa = PBXFileReference; lastKnownFileType = sourcecode.swift; path = NookazonService.swift; sourceTree = "<group>"; };
		68DFFFAA244927CA00DEA07F /* Listing.swift */ = {isa = PBXFileReference; lastKnownFileType = sourcecode.swift; path = Listing.swift; sourceTree = "<group>"; };
		68DFFFAC24492D7F00DEA07F /* ItemDetailViewModel.swift */ = {isa = PBXFileReference; lastKnownFileType = sourcecode.swift; path = ItemDetailViewModel.swift; sourceTree = "<group>"; };
		690BD65324404F4300DEECD3 /* ACHNBrowserUI.entitlements */ = {isa = PBXFileReference; lastKnownFileType = text.plist.entitlements; path = ACHNBrowserUI.entitlements; sourceTree = "<group>"; };
		692C2BFE2444448D00E5B818 /* housewares */ = {isa = PBXFileReference; fileEncoding = 4; lastKnownFileType = text; path = housewares; sourceTree = "<group>"; };
		692C2BFF2444448D00E5B818 /* bugs-south */ = {isa = PBXFileReference; fileEncoding = 4; lastKnownFileType = text; path = "bugs-south"; sourceTree = "<group>"; };
		692C2C002444448D00E5B818 /* fencing */ = {isa = PBXFileReference; fileEncoding = 4; lastKnownFileType = text; path = fencing; sourceTree = "<group>"; };
		692C2C012444448D00E5B818 /* photos */ = {isa = PBXFileReference; fileEncoding = 4; lastKnownFileType = text; path = photos; sourceTree = "<group>"; };
		692C2C022444448D00E5B818 /* bugs-north */ = {isa = PBXFileReference; fileEncoding = 4; lastKnownFileType = text; path = "bugs-north"; sourceTree = "<group>"; };
		692C2C032444448D00E5B818 /* floors */ = {isa = PBXFileReference; fileEncoding = 4; lastKnownFileType = text; path = floors; sourceTree = "<group>"; };
		692C2C042444448D00E5B818 /* socks */ = {isa = PBXFileReference; fileEncoding = 4; lastKnownFileType = text; path = socks; sourceTree = "<group>"; };
		692C2C052444448D00E5B818 /* wall-mounted */ = {isa = PBXFileReference; fileEncoding = 4; lastKnownFileType = text; path = "wall-mounted"; sourceTree = "<group>"; };
		692C2C062444448D00E5B818 /* wallpaper */ = {isa = PBXFileReference; fileEncoding = 4; lastKnownFileType = text; path = wallpaper; sourceTree = "<group>"; };
		692C2C072444448D00E5B818 /* rugs */ = {isa = PBXFileReference; fileEncoding = 4; lastKnownFileType = text; path = rugs; sourceTree = "<group>"; };
		692C2C082444448D00E5B818 /* recipes */ = {isa = PBXFileReference; fileEncoding = 4; lastKnownFileType = text; path = recipes; sourceTree = "<group>"; };
		692C2C092444448D00E5B818 /* dresses */ = {isa = PBXFileReference; fileEncoding = 4; lastKnownFileType = text; path = dresses; sourceTree = "<group>"; };
		692C2C0A2444448D00E5B818 /* accessories */ = {isa = PBXFileReference; fileEncoding = 4; lastKnownFileType = text; path = accessories; sourceTree = "<group>"; };
		692C2C0B2444448D00E5B818 /* fossils */ = {isa = PBXFileReference; fileEncoding = 4; lastKnownFileType = text; path = fossils; sourceTree = "<group>"; };
		692C2C0C2444448D00E5B818 /* umbrellas */ = {isa = PBXFileReference; fileEncoding = 4; lastKnownFileType = text; path = umbrellas; sourceTree = "<group>"; };
		692C2C0D2444448D00E5B818 /* bottoms */ = {isa = PBXFileReference; fileEncoding = 4; lastKnownFileType = text; path = bottoms; sourceTree = "<group>"; };
		692C2C0E2444448D00E5B818 /* tops */ = {isa = PBXFileReference; fileEncoding = 4; lastKnownFileType = text; path = tops; sourceTree = "<group>"; };
		692C2C0F2444448D00E5B818 /* miscellaneous */ = {isa = PBXFileReference; fileEncoding = 4; lastKnownFileType = text; path = miscellaneous; sourceTree = "<group>"; };
		692C2C102444448D00E5B818 /* shoes */ = {isa = PBXFileReference; fileEncoding = 4; lastKnownFileType = text; path = shoes; sourceTree = "<group>"; };
		692C2C112444448E00E5B818 /* tools */ = {isa = PBXFileReference; fileEncoding = 4; lastKnownFileType = text; path = tools; sourceTree = "<group>"; };
		692C2C122444448E00E5B818 /* construction */ = {isa = PBXFileReference; fileEncoding = 4; lastKnownFileType = text; path = construction; sourceTree = "<group>"; };
		692C2C132444448E00E5B818 /* posters */ = {isa = PBXFileReference; fileEncoding = 4; lastKnownFileType = text; path = posters; sourceTree = "<group>"; };
		692C2C142444448E00E5B818 /* songs */ = {isa = PBXFileReference; fileEncoding = 4; lastKnownFileType = text; path = songs; sourceTree = "<group>"; };
		692C2C152444448E00E5B818 /* fish-north */ = {isa = PBXFileReference; fileEncoding = 4; lastKnownFileType = text; path = "fish-north"; sourceTree = "<group>"; };
		692C2C162444448E00E5B818 /* other */ = {isa = PBXFileReference; fileEncoding = 4; lastKnownFileType = text; path = other; sourceTree = "<group>"; };
		692C2C172444448E00E5B818 /* headwear */ = {isa = PBXFileReference; fileEncoding = 4; lastKnownFileType = text; path = headwear; sourceTree = "<group>"; };
		692C2C182444448E00E5B818 /* fish-south */ = {isa = PBXFileReference; fileEncoding = 4; lastKnownFileType = text; path = "fish-south"; sourceTree = "<group>"; };
		692C2C192444448E00E5B818 /* bags */ = {isa = PBXFileReference; fileEncoding = 4; lastKnownFileType = text; path = bags; sourceTree = "<group>"; };
		692C2C1A2444448E00E5B818 /* nookmiles */ = {isa = PBXFileReference; fileEncoding = 4; lastKnownFileType = text; path = nookmiles; sourceTree = "<group>"; };
		6942FC36244988F80062FE8F /* SafariView.swift */ = {isa = PBXFileReference; lastKnownFileType = sourcecode.swift; path = SafariView.swift; sourceTree = "<group>"; };
		6942FC39244989530062FE8F /* ListingRow.swift */ = {isa = PBXFileReference; lastKnownFileType = sourcecode.swift; path = ListingRow.swift; sourceTree = "<group>"; };
		697E63ED2449A365008FB710 /* ACNHApiService.swift */ = {isa = PBXFileReference; lastKnownFileType = sourcecode.swift; path = ACNHApiService.swift; sourceTree = "<group>"; };
		697E63EF2449A38A008FB710 /* APIError.swift */ = {isa = PBXFileReference; lastKnownFileType = sourcecode.swift; path = APIError.swift; sourceTree = "<group>"; };
		697E63F12449A406008FB710 /* Villager.swift */ = {isa = PBXFileReference; lastKnownFileType = sourcecode.swift; path = Villager.swift; sourceTree = "<group>"; };
		697E63F42449A58E008FB710 /* VillagersListView.swift */ = {isa = PBXFileReference; lastKnownFileType = sourcecode.swift; path = VillagersListView.swift; sourceTree = "<group>"; };
		697E63F62449A7BA008FB710 /* VillagersViewModel.swift */ = {isa = PBXFileReference; lastKnownFileType = sourcecode.swift; path = VillagersViewModel.swift; sourceTree = "<group>"; };
		697E63F82449DADE008FB710 /* VillagerRowView.swift */ = {isa = PBXFileReference; lastKnownFileType = sourcecode.swift; path = VillagerRowView.swift; sourceTree = "<group>"; };
		697E63FA2449DB0C008FB710 /* VillagerDetailView.swift */ = {isa = PBXFileReference; lastKnownFileType = sourcecode.swift; path = VillagerDetailView.swift; sourceTree = "<group>"; };
		69AF8C4D243E283D001DD9CB /* ACHNBrowserUI.app */ = {isa = PBXFileReference; explicitFileType = wrapper.application; includeInIndex = 0; path = ACHNBrowserUI.app; sourceTree = BUILT_PRODUCTS_DIR; };
		69AF8C50243E283D001DD9CB /* AppDelegate.swift */ = {isa = PBXFileReference; lastKnownFileType = sourcecode.swift; path = AppDelegate.swift; sourceTree = "<group>"; };
		69AF8C52243E283D001DD9CB /* SceneDelegate.swift */ = {isa = PBXFileReference; lastKnownFileType = sourcecode.swift; path = SceneDelegate.swift; sourceTree = "<group>"; };
		69AF8C54243E283D001DD9CB /* ItemsListView.swift */ = {isa = PBXFileReference; lastKnownFileType = sourcecode.swift; path = ItemsListView.swift; sourceTree = "<group>"; };
		69AF8C56243E2841001DD9CB /* Assets.xcassets */ = {isa = PBXFileReference; lastKnownFileType = folder.assetcatalog; path = Assets.xcassets; sourceTree = "<group>"; };
		69AF8C59243E2841001DD9CB /* Preview Assets.xcassets */ = {isa = PBXFileReference; lastKnownFileType = folder.assetcatalog; path = "Preview Assets.xcassets"; sourceTree = "<group>"; };
		69AF8C5C243E2841001DD9CB /* Base */ = {isa = PBXFileReference; lastKnownFileType = file.storyboard; name = Base; path = Base.lproj/LaunchScreen.storyboard; sourceTree = "<group>"; };
		69AF8C5E243E2841001DD9CB /* Info.plist */ = {isa = PBXFileReference; lastKnownFileType = text.plist.xml; path = Info.plist; sourceTree = "<group>"; };
		69AF8C67243E286C001DD9CB /* NookPlazaAPIService.swift */ = {isa = PBXFileReference; lastKnownFileType = sourcecode.swift; path = NookPlazaAPIService.swift; sourceTree = "<group>"; };
		69AF8C69243E28B0001DD9CB /* Item.swift */ = {isa = PBXFileReference; lastKnownFileType = sourcecode.swift; path = Item.swift; sourceTree = "<group>"; };
		69AF8C6C243E2A18001DD9CB /* ItemsViewModel.swift */ = {isa = PBXFileReference; lastKnownFileType = sourcecode.swift; path = ItemsViewModel.swift; sourceTree = "<group>"; };
		69AF8C6E243E2E6D001DD9CB /* ImageService.swift */ = {isa = PBXFileReference; lastKnownFileType = sourcecode.swift; path = ImageService.swift; sourceTree = "<group>"; };
		69AF8C71243E2F06001DD9CB /* ImageLoader.swift */ = {isa = PBXFileReference; lastKnownFileType = sourcecode.swift; path = ImageLoader.swift; sourceTree = "<group>"; };
		69AF8C73243E2F73001DD9CB /* ItemImage.swift */ = {isa = PBXFileReference; lastKnownFileType = sourcecode.swift; path = ItemImage.swift; sourceTree = "<group>"; };
		69AF8C75243E3545001DD9CB /* SearchField.swift */ = {isa = PBXFileReference; lastKnownFileType = sourcecode.swift; path = SearchField.swift; sourceTree = "<group>"; };
		69AF8C79243E4C78001DD9CB /* Colors.xcassets */ = {isa = PBXFileReference; lastKnownFileType = folder.assetcatalog; path = Colors.xcassets; sourceTree = "<group>"; };
		69AF8C7B243E4D29001DD9CB /* Color.swift */ = {isa = PBXFileReference; lastKnownFileType = sourcecode.swift; path = Color.swift; sourceTree = "<group>"; };
		69AF8C7D243E4DD9001DD9CB /* ItemRowView.swift */ = {isa = PBXFileReference; lastKnownFileType = sourcecode.swift; path = ItemRowView.swift; sourceTree = "<group>"; };
		69AF8C7F243E5EBD001DD9CB /* Categories.swift */ = {isa = PBXFileReference; lastKnownFileType = sourcecode.swift; path = Categories.swift; sourceTree = "<group>"; };
		69BEA97E243E602C00F02C61 /* TabbarView.swift */ = {isa = PBXFileReference; lastKnownFileType = sourcecode.swift; path = TabbarView.swift; sourceTree = "<group>"; };
		69BEA984243E639900F02C61 /* CollectionListView.swift */ = {isa = PBXFileReference; lastKnownFileType = sourcecode.swift; path = CollectionListView.swift; sourceTree = "<group>"; };
		69BEA988243E68D400F02C61 /* CollectionViewModel.swift */ = {isa = PBXFileReference; lastKnownFileType = sourcecode.swift; path = CollectionViewModel.swift; sourceTree = "<group>"; };
		69BEA98A243EFE9700F02C61 /* ItemDetailView.swift */ = {isa = PBXFileReference; lastKnownFileType = sourcecode.swift; path = ItemDetailView.swift; sourceTree = "<group>"; };
		69C5F5E62442119500BF8FA4 /* Material.swift */ = {isa = PBXFileReference; lastKnownFileType = sourcecode.swift; path = Material.swift; sourceTree = "<group>"; };
		69C5F5E9244217FB00BF8FA4 /* CategoriesView.swift */ = {isa = PBXFileReference; lastKnownFileType = sourcecode.swift; path = CategoriesView.swift; sourceTree = "<group>"; };
/* End PBXFileReference section */

/* Begin PBXFrameworksBuildPhase section */
		69AF8C4A243E283D001DD9CB /* Frameworks */ = {
			isa = PBXFrameworksBuildPhase;
			buildActionMask = 2147483647;
			files = (
			);
			runOnlyForDeploymentPostprocessing = 0;
		};
/* End PBXFrameworksBuildPhase section */

/* Begin PBXGroup section */
		687B5765244A02E400C1E86F /* turnips */ = {
			isa = PBXGroup;
			children = (
				687B5767244A030700C1E86F /* TurnipsView.swift */,
			);
			path = turnips;
			sourceTree = "<group>";
		};
		692C2BFD2444445E00E5B818 /* json */ = {
			isa = PBXGroup;
			children = (
				692C2C0A2444448D00E5B818 /* accessories */,
				692C2C192444448E00E5B818 /* bags */,
				692C2C0D2444448D00E5B818 /* bottoms */,
				692C2C022444448D00E5B818 /* bugs-north */,
				692C2BFF2444448D00E5B818 /* bugs-south */,
				692C2C122444448E00E5B818 /* construction */,
				692C2C092444448D00E5B818 /* dresses */,
				692C2C002444448D00E5B818 /* fencing */,
				692C2C152444448E00E5B818 /* fish-north */,
				692C2C182444448E00E5B818 /* fish-south */,
				692C2C032444448D00E5B818 /* floors */,
				692C2C0B2444448D00E5B818 /* fossils */,
				692C2C172444448E00E5B818 /* headwear */,
				692C2BFE2444448D00E5B818 /* housewares */,
				692C2C0F2444448D00E5B818 /* miscellaneous */,
				692C2C1A2444448E00E5B818 /* nookmiles */,
				692C2C162444448E00E5B818 /* other */,
				692C2C012444448D00E5B818 /* photos */,
				692C2C132444448E00E5B818 /* posters */,
				692C2C082444448D00E5B818 /* recipes */,
				692C2C072444448D00E5B818 /* rugs */,
				692C2C102444448D00E5B818 /* shoes */,
				692C2C042444448D00E5B818 /* socks */,
				692C2C142444448E00E5B818 /* songs */,
				692C2C112444448E00E5B818 /* tools */,
				692C2C0E2444448D00E5B818 /* tops */,
				692C2C0C2444448D00E5B818 /* umbrellas */,
				692C2C052444448D00E5B818 /* wall-mounted */,
				692C2C062444448D00E5B818 /* wallpaper */,
			);
			path = json;
			sourceTree = "<group>";
		};
		6942FC35244988E90062FE8F /* representable */ = {
			isa = PBXGroup;
			children = (
				6942FC36244988F80062FE8F /* SafariView.swift */,
			);
			path = representable;
			sourceTree = "<group>";
		};
		6942FC38244989470062FE8F /* listing */ = {
			isa = PBXGroup;
			children = (
				6942FC39244989530062FE8F /* ListingRow.swift */,
			);
			path = listing;
			sourceTree = "<group>";
		};
		697E63F32449A488008FB710 /* villagers */ = {
			isa = PBXGroup;
			children = (
				697E63F42449A58E008FB710 /* VillagersListView.swift */,
				697E63F82449DADE008FB710 /* VillagerRowView.swift */,
				697E63FA2449DB0C008FB710 /* VillagerDetailView.swift */,
			);
			path = villagers;
			sourceTree = "<group>";
		};
		69AF8C44243E283D001DD9CB = {
			isa = PBXGroup;
			children = (
				69AF8C4F243E283D001DD9CB /* ACHNBrowserUI */,
				69AF8C4E243E283D001DD9CB /* Products */,
			);
			sourceTree = "<group>";
		};
		69AF8C4E243E283D001DD9CB /* Products */ = {
			isa = PBXGroup;
			children = (
				69AF8C4D243E283D001DD9CB /* ACHNBrowserUI.app */,
			);
			name = Products;
			sourceTree = "<group>";
		};
		69AF8C4F243E283D001DD9CB /* ACHNBrowserUI */ = {
			isa = PBXGroup;
			children = (
				692C2BFD2444445E00E5B818 /* json */,
				690BD65324404F4300DEECD3 /* ACHNBrowserUI.entitlements */,
				69AF8C70243E2EFE001DD9CB /* utils */,
				69AF8C66243E2861001DD9CB /* services */,
				69AF8C65243E285A001DD9CB /* models */,
				69AF8C6B243E2A0C001DD9CB /* viewModels */,
				69AF8C64243E2857001DD9CB /* views */,
				69AF8C50243E283D001DD9CB /* AppDelegate.swift */,
				69AF8C52243E283D001DD9CB /* SceneDelegate.swift */,
				69AF8C79243E4C78001DD9CB /* Colors.xcassets */,
				69AF8C56243E2841001DD9CB /* Assets.xcassets */,
				69AF8C5B243E2841001DD9CB /* LaunchScreen.storyboard */,
				69AF8C5E243E2841001DD9CB /* Info.plist */,
				69AF8C58243E2841001DD9CB /* Preview Content */,
			);
			path = ACHNBrowserUI;
			sourceTree = "<group>";
		};
		69AF8C58243E2841001DD9CB /* Preview Content */ = {
			isa = PBXGroup;
			children = (
				69AF8C59243E2841001DD9CB /* Preview Assets.xcassets */,
			);
			path = "Preview Content";
			sourceTree = "<group>";
		};
		69AF8C64243E2857001DD9CB /* views */ = {
			isa = PBXGroup;
			children = (
				687B5765244A02E400C1E86F /* turnips */,
				697E63F32449A488008FB710 /* villagers */,
				6942FC38244989470062FE8F /* listing */,
				6942FC35244988E90062FE8F /* representable */,
				69C5F5E8244217EF00BF8FA4 /* categories */,
				69BEA983243E638C00F02C61 /* collection */,
				69BEA982243E609400F02C61 /* items */,
				69BEA981243E608E00F02C61 /* shared */,
				69BEA980243E608900F02C61 /* home */,
			);
			path = views;
			sourceTree = "<group>";
		};
		69AF8C65243E285A001DD9CB /* models */ = {
			isa = PBXGroup;
			children = (
				697E63EF2449A38A008FB710 /* APIError.swift */,
				69AF8C7F243E5EBD001DD9CB /* Categories.swift */,
				687B575F2449EEB100C1E86F /* Island.swift */,
				69AF8C69243E28B0001DD9CB /* Item.swift */,
				68DFFFAA244927CA00DEA07F /* Listing.swift */,
				69C5F5E62442119500BF8FA4 /* Material.swift */,
				697E63F12449A406008FB710 /* Villager.swift */,
			);
			path = models;
			sourceTree = "<group>";
		};
		69AF8C66243E2861001DD9CB /* services */ = {
			isa = PBXGroup;
			children = (
				69AF8C67243E286C001DD9CB /* NookPlazaAPIService.swift */,
				69AF8C6E243E2E6D001DD9CB /* ImageService.swift */,
				68DFFFA8244927A400DEA07F /* NookazonService.swift */,
				697E63ED2449A365008FB710 /* ACNHApiService.swift */,
				687B57612449EF8C00C1E86F /* TurnipExchangeService.swift */,
			);
			path = services;
			sourceTree = "<group>";
		};
		69AF8C6B243E2A0C001DD9CB /* viewModels */ = {
			isa = PBXGroup;
			children = (
				69BEA988243E68D400F02C61 /* CollectionViewModel.swift */,
				69AF8C6C243E2A18001DD9CB /* ItemsViewModel.swift */,
				68DFFFAC24492D7F00DEA07F /* ItemDetailViewModel.swift */,
				697E63F62449A7BA008FB710 /* VillagersViewModel.swift */,
			);
			path = viewModels;
			sourceTree = "<group>";
		};
		69AF8C70243E2EFE001DD9CB /* utils */ = {
			isa = PBXGroup;
			children = (
				69AF8C71243E2F06001DD9CB /* ImageLoader.swift */,
				69AF8C7B243E4D29001DD9CB /* Color.swift */,
			);
			path = utils;
			sourceTree = "<group>";
		};
		69BEA980243E608900F02C61 /* home */ = {
			isa = PBXGroup;
			children = (
				69BEA97E243E602C00F02C61 /* TabbarView.swift */,
			);
			path = home;
			sourceTree = "<group>";
		};
		69BEA981243E608E00F02C61 /* shared */ = {
			isa = PBXGroup;
			children = (
				69AF8C75243E3545001DD9CB /* SearchField.swift */,
			);
			path = shared;
			sourceTree = "<group>";
		};
		69BEA982243E609400F02C61 /* items */ = {
			isa = PBXGroup;
			children = (
				69AF8C54243E283D001DD9CB /* ItemsListView.swift */,
				69AF8C7D243E4DD9001DD9CB /* ItemRowView.swift */,
				69AF8C73243E2F73001DD9CB /* ItemImage.swift */,
				69BEA98A243EFE9700F02C61 /* ItemDetailView.swift */,
			);
			path = items;
			sourceTree = "<group>";
		};
		69BEA983243E638C00F02C61 /* collection */ = {
			isa = PBXGroup;
			children = (
				69BEA984243E639900F02C61 /* CollectionListView.swift */,
			);
			path = collection;
			sourceTree = "<group>";
		};
		69C5F5E8244217EF00BF8FA4 /* categories */ = {
			isa = PBXGroup;
			children = (
				69C5F5E9244217FB00BF8FA4 /* CategoriesView.swift */,
			);
			path = categories;
			sourceTree = "<group>";
		};
/* End PBXGroup section */

/* Begin PBXNativeTarget section */
		69AF8C4C243E283D001DD9CB /* ACHNBrowserUI */ = {
			isa = PBXNativeTarget;
			buildConfigurationList = 69AF8C61243E2841001DD9CB /* Build configuration list for PBXNativeTarget "ACHNBrowserUI" */;
			buildPhases = (
				69AF8C49243E283D001DD9CB /* Sources */,
				69AF8C4A243E283D001DD9CB /* Frameworks */,
				69AF8C4B243E283D001DD9CB /* Resources */,
			);
			buildRules = (
			);
			dependencies = (
			);
			name = ACHNBrowserUI;
			productName = ACHNBrowserUI;
			productReference = 69AF8C4D243E283D001DD9CB /* ACHNBrowserUI.app */;
			productType = "com.apple.product-type.application";
		};
/* End PBXNativeTarget section */

/* Begin PBXProject section */
		69AF8C45243E283D001DD9CB /* Project object */ = {
			isa = PBXProject;
			attributes = {
				LastSwiftUpdateCheck = 1140;
				LastUpgradeCheck = 1140;
				ORGANIZATIONNAME = "Thomas Ricouard";
				TargetAttributes = {
					69AF8C4C243E283D001DD9CB = {
						CreatedOnToolsVersion = 11.4;
					};
				};
			};
			buildConfigurationList = 69AF8C48243E283D001DD9CB /* Build configuration list for PBXProject "ACHNBrowserUI" */;
			compatibilityVersion = "Xcode 9.3";
			developmentRegion = en;
			hasScannedForEncodings = 0;
			knownRegions = (
				en,
				Base,
			);
			mainGroup = 69AF8C44243E283D001DD9CB;
			productRefGroup = 69AF8C4E243E283D001DD9CB /* Products */;
			projectDirPath = "";
			projectRoot = "";
			targets = (
				69AF8C4C243E283D001DD9CB /* ACHNBrowserUI */,
			);
		};
/* End PBXProject section */

/* Begin PBXResourcesBuildPhase section */
		69AF8C4B243E283D001DD9CB /* Resources */ = {
			isa = PBXResourcesBuildPhase;
			buildActionMask = 2147483647;
			files = (
				692C2C292444448E00E5B818 /* umbrellas in Resources */,
				692C2C262444448E00E5B818 /* dresses in Resources */,
				692C2C212444448E00E5B818 /* socks in Resources */,
				692C2C2F2444448E00E5B818 /* construction in Resources */,
				692C2C322444448E00E5B818 /* fish-north in Resources */,
				692C2C222444448E00E5B818 /* wall-mounted in Resources */,
				692C2C232444448E00E5B818 /* wallpaper in Resources */,
				692C2C252444448E00E5B818 /* recipes in Resources */,
				692C2C2E2444448E00E5B818 /* tools in Resources */,
				69AF8C5D243E2841001DD9CB /* LaunchScreen.storyboard in Resources */,
				692C2C272444448E00E5B818 /* accessories in Resources */,
				692C2C342444448E00E5B818 /* headwear in Resources */,
				69AF8C7A243E4C78001DD9CB /* Colors.xcassets in Resources */,
				692C2C1D2444448E00E5B818 /* fencing in Resources */,
				692C2C1E2444448E00E5B818 /* photos in Resources */,
				692C2C2D2444448E00E5B818 /* shoes in Resources */,
				692C2C1F2444448E00E5B818 /* bugs-north in Resources */,
				692C2C362444448E00E5B818 /* bags in Resources */,
				692C2C202444448E00E5B818 /* floors in Resources */,
				692C2C282444448E00E5B818 /* fossils in Resources */,
				692C2C242444448E00E5B818 /* rugs in Resources */,
				692C2C372444448E00E5B818 /* nookmiles in Resources */,
				692C2C312444448E00E5B818 /* songs in Resources */,
				692C2C2A2444448E00E5B818 /* bottoms in Resources */,
				69AF8C5A243E2841001DD9CB /* Preview Assets.xcassets in Resources */,
				692C2C352444448E00E5B818 /* fish-south in Resources */,
				692C2C2B2444448E00E5B818 /* tops in Resources */,
				692C2C1B2444448E00E5B818 /* housewares in Resources */,
				69AF8C57243E2841001DD9CB /* Assets.xcassets in Resources */,
				692C2C1C2444448E00E5B818 /* bugs-south in Resources */,
				692C2C332444448E00E5B818 /* other in Resources */,
				692C2C2C2444448E00E5B818 /* miscellaneous in Resources */,
				692C2C302444448E00E5B818 /* posters in Resources */,
			);
			runOnlyForDeploymentPostprocessing = 0;
		};
/* End PBXResourcesBuildPhase section */

/* Begin PBXSourcesBuildPhase section */
		69AF8C49243E283D001DD9CB /* Sources */ = {
			isa = PBXSourcesBuildPhase;
			buildActionMask = 2147483647;
			files = (
				68DFFFAD24492D7F00DEA07F /* ItemDetailViewModel.swift in Sources */,
				69AF8C7E243E4DD9001DD9CB /* ItemRowView.swift in Sources */,
				687B57602449EEB100C1E86F /* Island.swift in Sources */,
				697E63F52449A58E008FB710 /* VillagersListView.swift in Sources */,
				687B57622449EF8C00C1E86F /* TurnipExchangeService.swift in Sources */,
				68DFFFAB244927CA00DEA07F /* Listing.swift in Sources */,
				69C5F5E72442119500BF8FA4 /* Material.swift in Sources */,
				69AF8C80243E5EBD001DD9CB /* Categories.swift in Sources */,
				6942FC3A244989530062FE8F /* ListingRow.swift in Sources */,
				69AF8C6A243E28B0001DD9CB /* Item.swift in Sources */,
				69BEA97F243E602C00F02C61 /* TabbarView.swift in Sources */,
				697E63F22449A406008FB710 /* Villager.swift in Sources */,
				69AF8C51243E283D001DD9CB /* AppDelegate.swift in Sources */,
				697E63F92449DADE008FB710 /* VillagerRowView.swift in Sources */,
				697E63EE2449A365008FB710 /* ACNHApiService.swift in Sources */,
				69AF8C53243E283D001DD9CB /* SceneDelegate.swift in Sources */,
				69BEA985243E639900F02C61 /* CollectionListView.swift in Sources */,
				697E63FB2449DB0C008FB710 /* VillagerDetailView.swift in Sources */,
				69C5F5EA244217FB00BF8FA4 /* CategoriesView.swift in Sources */,
				69AF8C68243E286C001DD9CB /* NookPlazaAPIService.swift in Sources */,
				687B5768244A030700C1E86F /* TurnipsView.swift in Sources */,
				69BEA989243E68D400F02C61 /* CollectionViewModel.swift in Sources */,
				6942FC37244988F80062FE8F /* SafariView.swift in Sources */,
				69AF8C7C243E4D29001DD9CB /* Color.swift in Sources */,
				69AF8C55243E283D001DD9CB /* ItemsListView.swift in Sources */,
				69BEA98B243EFE9700F02C61 /* ItemDetailView.swift in Sources */,
				69AF8C6D243E2A18001DD9CB /* ItemsViewModel.swift in Sources */,
				69AF8C76243E3545001DD9CB /* SearchField.swift in Sources */,
				68DFFFA9244927A400DEA07F /* NookazonService.swift in Sources */,
				69AF8C72243E2F06001DD9CB /* ImageLoader.swift in Sources */,
				69AF8C74243E2F73001DD9CB /* ItemImage.swift in Sources */,
				69AF8C6F243E2E6D001DD9CB /* ImageService.swift in Sources */,
				697E63F02449A38A008FB710 /* APIError.swift in Sources */,
				697E63F72449A7BA008FB710 /* VillagersViewModel.swift in Sources */,
			);
			runOnlyForDeploymentPostprocessing = 0;
		};
/* End PBXSourcesBuildPhase section */

/* Begin PBXVariantGroup section */
		69AF8C5B243E2841001DD9CB /* LaunchScreen.storyboard */ = {
			isa = PBXVariantGroup;
			children = (
				69AF8C5C243E2841001DD9CB /* Base */,
			);
			name = LaunchScreen.storyboard;
			sourceTree = "<group>";
		};
/* End PBXVariantGroup section */

/* Begin XCBuildConfiguration section */
		69AF8C5F243E2841001DD9CB /* Debug */ = {
			isa = XCBuildConfiguration;
			buildSettings = {
				ALWAYS_SEARCH_USER_PATHS = NO;
				CLANG_ANALYZER_NONNULL = YES;
				CLANG_ANALYZER_NUMBER_OBJECT_CONVERSION = YES_AGGRESSIVE;
				CLANG_CXX_LANGUAGE_STANDARD = "gnu++14";
				CLANG_CXX_LIBRARY = "libc++";
				CLANG_ENABLE_MODULES = YES;
				CLANG_ENABLE_OBJC_ARC = YES;
				CLANG_ENABLE_OBJC_WEAK = YES;
				CLANG_WARN_BLOCK_CAPTURE_AUTORELEASING = YES;
				CLANG_WARN_BOOL_CONVERSION = YES;
				CLANG_WARN_COMMA = YES;
				CLANG_WARN_CONSTANT_CONVERSION = YES;
				CLANG_WARN_DEPRECATED_OBJC_IMPLEMENTATIONS = YES;
				CLANG_WARN_DIRECT_OBJC_ISA_USAGE = YES_ERROR;
				CLANG_WARN_DOCUMENTATION_COMMENTS = YES;
				CLANG_WARN_EMPTY_BODY = YES;
				CLANG_WARN_ENUM_CONVERSION = YES;
				CLANG_WARN_INFINITE_RECURSION = YES;
				CLANG_WARN_INT_CONVERSION = YES;
				CLANG_WARN_NON_LITERAL_NULL_CONVERSION = YES;
				CLANG_WARN_OBJC_IMPLICIT_RETAIN_SELF = YES;
				CLANG_WARN_OBJC_LITERAL_CONVERSION = YES;
				CLANG_WARN_OBJC_ROOT_CLASS = YES_ERROR;
				CLANG_WARN_RANGE_LOOP_ANALYSIS = YES;
				CLANG_WARN_STRICT_PROTOTYPES = YES;
				CLANG_WARN_SUSPICIOUS_MOVE = YES;
				CLANG_WARN_UNGUARDED_AVAILABILITY = YES_AGGRESSIVE;
				CLANG_WARN_UNREACHABLE_CODE = YES;
				CLANG_WARN__DUPLICATE_METHOD_MATCH = YES;
				COPY_PHASE_STRIP = NO;
				DEBUG_INFORMATION_FORMAT = dwarf;
				ENABLE_STRICT_OBJC_MSGSEND = YES;
				ENABLE_TESTABILITY = YES;
				GCC_C_LANGUAGE_STANDARD = gnu11;
				GCC_DYNAMIC_NO_PIC = NO;
				GCC_NO_COMMON_BLOCKS = YES;
				GCC_OPTIMIZATION_LEVEL = 0;
				GCC_PREPROCESSOR_DEFINITIONS = (
					"DEBUG=1",
					"$(inherited)",
				);
				GCC_WARN_64_TO_32_BIT_CONVERSION = YES;
				GCC_WARN_ABOUT_RETURN_TYPE = YES_ERROR;
				GCC_WARN_UNDECLARED_SELECTOR = YES;
				GCC_WARN_UNINITIALIZED_AUTOS = YES_AGGRESSIVE;
				GCC_WARN_UNUSED_FUNCTION = YES;
				GCC_WARN_UNUSED_VARIABLE = YES;
				IPHONEOS_DEPLOYMENT_TARGET = 13.4;
				MTL_ENABLE_DEBUG_INFO = INCLUDE_SOURCE;
				MTL_FAST_MATH = YES;
				ONLY_ACTIVE_ARCH = YES;
				SDKROOT = iphoneos;
				SWIFT_ACTIVE_COMPILATION_CONDITIONS = DEBUG;
				SWIFT_OPTIMIZATION_LEVEL = "-Onone";
			};
			name = Debug;
		};
		69AF8C60243E2841001DD9CB /* Release */ = {
			isa = XCBuildConfiguration;
			buildSettings = {
				ALWAYS_SEARCH_USER_PATHS = NO;
				CLANG_ANALYZER_NONNULL = YES;
				CLANG_ANALYZER_NUMBER_OBJECT_CONVERSION = YES_AGGRESSIVE;
				CLANG_CXX_LANGUAGE_STANDARD = "gnu++14";
				CLANG_CXX_LIBRARY = "libc++";
				CLANG_ENABLE_MODULES = YES;
				CLANG_ENABLE_OBJC_ARC = YES;
				CLANG_ENABLE_OBJC_WEAK = YES;
				CLANG_WARN_BLOCK_CAPTURE_AUTORELEASING = YES;
				CLANG_WARN_BOOL_CONVERSION = YES;
				CLANG_WARN_COMMA = YES;
				CLANG_WARN_CONSTANT_CONVERSION = YES;
				CLANG_WARN_DEPRECATED_OBJC_IMPLEMENTATIONS = YES;
				CLANG_WARN_DIRECT_OBJC_ISA_USAGE = YES_ERROR;
				CLANG_WARN_DOCUMENTATION_COMMENTS = YES;
				CLANG_WARN_EMPTY_BODY = YES;
				CLANG_WARN_ENUM_CONVERSION = YES;
				CLANG_WARN_INFINITE_RECURSION = YES;
				CLANG_WARN_INT_CONVERSION = YES;
				CLANG_WARN_NON_LITERAL_NULL_CONVERSION = YES;
				CLANG_WARN_OBJC_IMPLICIT_RETAIN_SELF = YES;
				CLANG_WARN_OBJC_LITERAL_CONVERSION = YES;
				CLANG_WARN_OBJC_ROOT_CLASS = YES_ERROR;
				CLANG_WARN_RANGE_LOOP_ANALYSIS = YES;
				CLANG_WARN_STRICT_PROTOTYPES = YES;
				CLANG_WARN_SUSPICIOUS_MOVE = YES;
				CLANG_WARN_UNGUARDED_AVAILABILITY = YES_AGGRESSIVE;
				CLANG_WARN_UNREACHABLE_CODE = YES;
				CLANG_WARN__DUPLICATE_METHOD_MATCH = YES;
				COPY_PHASE_STRIP = NO;
				DEBUG_INFORMATION_FORMAT = "dwarf-with-dsym";
				ENABLE_NS_ASSERTIONS = NO;
				ENABLE_STRICT_OBJC_MSGSEND = YES;
				GCC_C_LANGUAGE_STANDARD = gnu11;
				GCC_NO_COMMON_BLOCKS = YES;
				GCC_WARN_64_TO_32_BIT_CONVERSION = YES;
				GCC_WARN_ABOUT_RETURN_TYPE = YES_ERROR;
				GCC_WARN_UNDECLARED_SELECTOR = YES;
				GCC_WARN_UNINITIALIZED_AUTOS = YES_AGGRESSIVE;
				GCC_WARN_UNUSED_FUNCTION = YES;
				GCC_WARN_UNUSED_VARIABLE = YES;
				IPHONEOS_DEPLOYMENT_TARGET = 13.4;
				MTL_ENABLE_DEBUG_INFO = NO;
				MTL_FAST_MATH = YES;
				SDKROOT = iphoneos;
				SWIFT_COMPILATION_MODE = wholemodule;
				SWIFT_OPTIMIZATION_LEVEL = "-O";
				VALIDATE_PRODUCT = YES;
			};
			name = Release;
		};
		69AF8C62243E2841001DD9CB /* Debug */ = {
			isa = XCBuildConfiguration;
			buildSettings = {
				ASSETCATALOG_COMPILER_APPICON_NAME = AppIcon;
				CODE_SIGN_ENTITLEMENTS = ACHNBrowserUI/ACHNBrowserUI.entitlements;
				CODE_SIGN_STYLE = Automatic;
				DEVELOPMENT_ASSET_PATHS = "\"ACHNBrowserUI/Preview Content\"";
				DEVELOPMENT_TEAM = F9PGNEMEHU;
				ENABLE_PREVIEWS = YES;
				INFOPLIST_FILE = ACHNBrowserUI/Info.plist;
				LD_RUNPATH_SEARCH_PATHS = (
					"$(inherited)",
					"@executable_path/Frameworks",
				);
				PRODUCT_BUNDLE_IDENTIFIER = com.thomasricouard.ACHNBrowserUI;
				PRODUCT_NAME = "$(TARGET_NAME)";
				SUPPORTS_MACCATALYST = YES;
				SWIFT_VERSION = 5.0;
				TARGETED_DEVICE_FAMILY = "1,2";
			};
			name = Debug;
		};
		69AF8C63243E2841001DD9CB /* Release */ = {
			isa = XCBuildConfiguration;
			buildSettings = {
				ASSETCATALOG_COMPILER_APPICON_NAME = AppIcon;
				CODE_SIGN_ENTITLEMENTS = ACHNBrowserUI/ACHNBrowserUI.entitlements;
				CODE_SIGN_STYLE = Automatic;
				DEVELOPMENT_ASSET_PATHS = "\"ACHNBrowserUI/Preview Content\"";
				DEVELOPMENT_TEAM = F9PGNEMEHU;
				ENABLE_PREVIEWS = YES;
				INFOPLIST_FILE = ACHNBrowserUI/Info.plist;
				LD_RUNPATH_SEARCH_PATHS = (
					"$(inherited)",
					"@executable_path/Frameworks",
				);
				PRODUCT_BUNDLE_IDENTIFIER = com.thomasricouard.ACHNBrowserUI;
				PRODUCT_NAME = "$(TARGET_NAME)";
				SUPPORTS_MACCATALYST = YES;
				SWIFT_VERSION = 5.0;
				TARGETED_DEVICE_FAMILY = "1,2";
			};
			name = Release;
		};
/* End XCBuildConfiguration section */

/* Begin XCConfigurationList section */
		69AF8C48243E283D001DD9CB /* Build configuration list for PBXProject "ACHNBrowserUI" */ = {
			isa = XCConfigurationList;
			buildConfigurations = (
				69AF8C5F243E2841001DD9CB /* Debug */,
				69AF8C60243E2841001DD9CB /* Release */,
			);
			defaultConfigurationIsVisible = 0;
			defaultConfigurationName = Release;
		};
		69AF8C61243E2841001DD9CB /* Build configuration list for PBXNativeTarget "ACHNBrowserUI" */ = {
			isa = XCConfigurationList;
			buildConfigurations = (
				69AF8C62243E2841001DD9CB /* Debug */,
				69AF8C63243E2841001DD9CB /* Release */,
			);
			defaultConfigurationIsVisible = 0;
			defaultConfigurationName = Release;
		};
/* End XCConfigurationList section */
	};
	rootObject = 69AF8C45243E283D001DD9CB /* Project object */;
}
