{
  "object": {
    "pins": [
      {
        "package": "Purchases",
        "repositoryURL": "https://github.com/RevenueCat/purchases-ios",
        "state": {
          "branch": null,
          "revision": "a86c5744bc23ff1a61f9d387c5458743614cc800",
          "version": "3.2.2"
        }
      },
      {
        "package": "SDWebImage",
        "repositoryURL": "https://github.com/SDWebImage/SDWebImage.git",
        "state": {
          "branch": null,
          "revision": "39370d1af85734dffe0e3f89b389976da461be3f",
          "version": "5.7.3"
        }
      },
      {
        "package": "SDWebImageSwiftUI",
        "repositoryURL": "https://github.com/SDWebImage/SDWebImageSwiftUI",
        "state": {
          "branch": null,
          "revision": "82ae39a3919afa3d45ce1acd48048d5fa9d5e566",
          "version": "1.3.4"
        }
      },
      {
        "package": "UIImageColors",
        "repositoryURL": "https://github.com/jathu/UIImageColors",
        "state": {
          "branch": null,
          "revision": "e49e6c32ea556e9fa0109dc79686bea4a10d41a2",
          "version": "2.2.0"
        }
      }
    ]
  },
  "version": 1
}
